
Microsoft Visual Studio Solution File, Format Version 12.00
# Visual Studio Express 2013 for Windows Desktop
VisualStudioVersion = 12.0.31101.0
MinimumVisualStudioVersion = 10.0.40219.1
Project("{FAE04EC0-301F-11D3-BF4B-00C04F79EFBC}") = "checkin-presentation", "checkin-presentation\checkin-presentation.csproj", "{0E35E371-3447-4EA9-A920-8A321AC1D36C}"
	ProjectSection(ProjectDependencies) = postProject
		{C960DC6B-F04A-4582-9750-10FE58B8CD67} = {C960DC6B-F04A-4582-9750-10FE58B8CD67}
		{DFC39375-9E53-4294-8970-6061B38B411C} = {DFC39375-9E53-4294-8970-6061B38B411C}
		{0784CDC9-0F52-4B8B-9488-6589C11E94E2} = {0784CDC9-0F52-4B8B-9488-6589C11E94E2}
	EndProjectSection
EndProject
Project("{FAE04EC0-301F-11D3-BF4B-00C04F79EFBC}") = "checkin-core", "..\checkin-core\checkin-core\checkin-core.csproj", "{C960DC6B-F04A-4582-9750-10FE58B8CD67}"
EndProject
Project("{FAE04EC0-301F-11D3-BF4B-00C04F79EFBC}") = "vkeyboard", "..\vkeyboard\vkeyboard.csproj", "{DFC39375-9E53-4294-8970-6061B38B411C}"
EndProject
Project("{FAE04EC0-301F-11D3-BF4B-00C04F79EFBC}") = "WpfKb", "..\WpfKb\WpfKb.csproj", "{0784CDC9-0F52-4B8B-9488-6589C11E94E2}"
EndProject
Project("{2150E333-8FDC-42A3-9474-1A3956D46DE8}") = ".build", ".build", "{0DDC44CE-7296-496D-B5A0-2809426F3661}"
	ProjectSection(SolutionItems) = preProject
		Build.proj = Build.proj
		.build\MSBuild.Community.Tasks.dll = .build\MSBuild.Community.Tasks.dll
		.build\MSBuild.Community.Tasks.targets = .build\MSBuild.Community.Tasks.targets
	EndProjectSection
EndProject
Project("{2150E333-8FDC-42A3-9474-1A3956D46DE8}") = ".nuget", ".nuget", "{C8D7659E-C05E-4394-B567-719A7C69D2F7}"
	ProjectSection(SolutionItems) = preProject
		.nuget\NuGet.Config = .nuget\NuGet.Config
		.nuget\NuGet.exe = .nuget\NuGet.exe
		.nuget\NuGet.targets = .nuget\NuGet.targets
	EndProjectSection
EndProject
Project("{FAE04EC0-301F-11D3-BF4B-00C04F79EFBC}") = "AdornedControl", "AdornedControl\AdornedControl.csproj", "{94B81CB7-F8A6-44BC-BD71-E927F701E0D8}"
EndProject
Global
	GlobalSection(SolutionConfigurationPlatforms) = preSolution
		Debug|Any CPU = Debug|Any CPU
		Release|Any CPU = Release|Any CPU
	EndGlobalSection
	GlobalSection(ProjectConfigurationPlatforms) = postSolution
		{0E35E371-3447-4EA9-A920-8A321AC1D36C}.Debug|Any CPU.ActiveCfg = Debug|Any CPU
		{0E35E371-3447-4EA9-A920-8A321AC1D36C}.Debug|Any CPU.Build.0 = Debug|Any CPU
		{0E35E371-3447-4EA9-A920-8A321AC1D36C}.Release|Any CPU.ActiveCfg = Release|Any CPU
		{0E35E371-3447-4EA9-A920-8A321AC1D36C}.Release|Any CPU.Build.0 = Release|Any CPU
		{C960DC6B-F04A-4582-9750-10FE58B8CD67}.Debug|Any CPU.ActiveCfg = Debug|Any CPU
		{C960DC6B-F04A-4582-9750-10FE58B8CD67}.Debug|Any CPU.Build.0 = Debug|Any CPU
		{C960DC6B-F04A-4582-9750-10FE58B8CD67}.Release|Any CPU.ActiveCfg = Release|Any CPU
		{C960DC6B-F04A-4582-9750-10FE58B8CD67}.Release|Any CPU.Build.0 = Release|Any CPU
		{DFC39375-9E53-4294-8970-6061B38B411C}.Debug|Any CPU.ActiveCfg = Debug|Any CPU
		{DFC39375-9E53-4294-8970-6061B38B411C}.Debug|Any CPU.Build.0 = Debug|Any CPU
		{DFC39375-9E53-4294-8970-6061B38B411C}.Release|Any CPU.ActiveCfg = Release|Any CPU
		{DFC39375-9E53-4294-8970-6061B38B411C}.Release|Any CPU.Build.0 = Release|Any CPU
		{0784CDC9-0F52-4B8B-9488-6589C11E94E2}.Debug|Any CPU.ActiveCfg = Debug|Any CPU
		{0784CDC9-0F52-4B8B-9488-6589C11E94E2}.Debug|Any CPU.Build.0 = Debug|Any CPU
		{0784CDC9-0F52-4B8B-9488-6589C11E94E2}.Release|Any CPU.ActiveCfg = Release|Any CPU
		{0784CDC9-0F52-4B8B-9488-6589C11E94E2}.Release|Any CPU.Build.0 = Release|Any CPU
		{94B81CB7-F8A6-44BC-BD71-E927F701E0D8}.Debug|Any CPU.ActiveCfg = Debug|Any CPU
		{94B81CB7-F8A6-44BC-BD71-E927F701E0D8}.Debug|Any CPU.Build.0 = Debug|Any CPU
		{94B81CB7-F8A6-44BC-BD71-E927F701E0D8}.Release|Any CPU.ActiveCfg = Release|Any CPU
		{94B81CB7-F8A6-44BC-BD71-E927F701E0D8}.Release|Any CPU.Build.0 = Release|Any CPU
	EndGlobalSection
	GlobalSection(SolutionProperties) = preSolution
		HideSolutionNode = FALSE
	EndGlobalSection
EndGlobal
